
Microsoft Visual Studio Solution File, Format Version 12.00
# Visual Studio Version 16
VisualStudioVersion = 16.0.30717.126
MinimumVisualStudioVersion = 10.0.40219.1
Project("{FAE04EC0-301F-11D3-BF4B-00C04F79EFBC}") = "L2Homage", "L2Homage\L2Homage.csproj", "{73C91220-59DD-4952-9FEA-E06A1361FCC2}"

<ItemGroup>
    <Content Include="Images\Game\L2Icons**">
        <CopyToOutputDirectory>PreserveNewest</CopyToOutputDirectory>
    </Content>
</ItemGroup>

EndProject
Global
	GlobalSection(SolutionConfigurationPlatforms) = preSolution
		Debug|Any CPU = Debug|Any CPU
		Release|Any CPU = Release|Any CPU
	EndGlobalSection
	GlobalSection(ProjectConfigurationPlatforms) = postSolution
		{73C91220-59DD-4952-9FEA-E06A1361FCC2}.Debug|Any CPU.ActiveCfg = Debug|Any CPU
		{73C91220-59DD-4952-9FEA-E06A1361FCC2}.Debug|Any CPU.Build.0 = Debug|Any CPU
		{73C91220-59DD-4952-9FEA-E06A1361FCC2}.Release|Any CPU.ActiveCfg = Release|Any CPU
		{73C91220-59DD-4952-9FEA-E06A1361FCC2}.Release|Any CPU.Build.0 = Release|Any CPU
	EndGlobalSection
	GlobalSection(SolutionProperties) = preSolution
		HideSolutionNode = FALSE
	EndGlobalSection
	GlobalSection(ExtensibilityGlobals) = postSolution
		SolutionGuid = {F1D11B0B-9717-478F-8BDC-0A59061DCA27}
	EndGlobalSection
EndGlobal
